
Microsoft Visual Studio Solution File, Format Version 12.00
# Visual Studio Version 16
VisualStudioVersion = 16.0.29409.12
MinimumVisualStudioVersion = 10.0.40219.1
Project("{FAE04EC0-301F-11D3-BF4B-00C04F79EFBC}") = "Izh09FrameworkFundamentals", "Izh09FrameworkFundamentals\Izh09FrameworkFundamentals.csproj", "{4CCAC8A0-A332-4659-904A-17512DA272D1}"
EndProject
Project("{FAE04EC0-301F-11D3-BF4B-00C04F79EFBC}") = "Izh11DelegatesLambdasEvents", "Izh11DelegatesLambdasEvents\Izh11DelegatesLambdasEvents.csproj", "{EE1298AC-A362-44D2-8C84-01D133E29BE3}"
EndProject
Project("{FAE04EC0-301F-11D3-BF4B-00C04F79EFBC}") = "Izh15StreamsAndIO", "Izh15StreamsAndIO\Izh15StreamsAndIO.csproj", "{5BDA5DC1-E8C6-40C2-82AA-E1915BB122B8}"
EndProject
Project("{FAE04EC0-301F-11D3-BF4B-00C04F79EFBC}") = "Izh13IntroToLINQ", "Izh13IntroToLINQ\Izh13IntroToLINQ.csproj", "{03929681-F805-429E-816F-9A000DD0AC71}"
EndProject
Project("{FAE04EC0-301F-11D3-BF4B-00C04F79EFBC}") = "Izh12GenericsAndCollections", "Izh12GenericsAndCollections\Izh12GenericsAndCollections.csproj", "{01BC19FF-EB6E-496A-8DC5-EE6865EA2F2B}"
EndProject
Global
	GlobalSection(SolutionConfigurationPlatforms) = preSolution
		Debug|Any CPU = Debug|Any CPU
		Release|Any CPU = Release|Any CPU
	EndGlobalSection
	GlobalSection(ProjectConfigurationPlatforms) = postSolution
		{4CCAC8A0-A332-4659-904A-17512DA272D1}.Debug|Any CPU.ActiveCfg = Debug|Any CPU
		{4CCAC8A0-A332-4659-904A-17512DA272D1}.Debug|Any CPU.Build.0 = Debug|Any CPU
		{4CCAC8A0-A332-4659-904A-17512DA272D1}.Release|Any CPU.ActiveCfg = Release|Any CPU
		{4CCAC8A0-A332-4659-904A-17512DA272D1}.Release|Any CPU.Build.0 = Release|Any CPU
		{EE1298AC-A362-44D2-8C84-01D133E29BE3}.Debug|Any CPU.ActiveCfg = Debug|Any CPU
		{EE1298AC-A362-44D2-8C84-01D133E29BE3}.Debug|Any CPU.Build.0 = Debug|Any CPU
		{EE1298AC-A362-44D2-8C84-01D133E29BE3}.Release|Any CPU.ActiveCfg = Release|Any CPU
		{EE1298AC-A362-44D2-8C84-01D133E29BE3}.Release|Any CPU.Build.0 = Release|Any CPU
		{5BDA5DC1-E8C6-40C2-82AA-E1915BB122B8}.Debug|Any CPU.ActiveCfg = Debug|Any CPU
		{5BDA5DC1-E8C6-40C2-82AA-E1915BB122B8}.Debug|Any CPU.Build.0 = Debug|Any CPU
		{5BDA5DC1-E8C6-40C2-82AA-E1915BB122B8}.Release|Any CPU.ActiveCfg = Release|Any CPU
		{5BDA5DC1-E8C6-40C2-82AA-E1915BB122B8}.Release|Any CPU.Build.0 = Release|Any CPU
		{03929681-F805-429E-816F-9A000DD0AC71}.Debug|Any CPU.ActiveCfg = Debug|Any CPU
		{03929681-F805-429E-816F-9A000DD0AC71}.Debug|Any CPU.Build.0 = Debug|Any CPU
		{03929681-F805-429E-816F-9A000DD0AC71}.Release|Any CPU.ActiveCfg = Release|Any CPU
		{03929681-F805-429E-816F-9A000DD0AC71}.Release|Any CPU.Build.0 = Release|Any CPU
		{01BC19FF-EB6E-496A-8DC5-EE6865EA2F2B}.Debug|Any CPU.ActiveCfg = Debug|Any CPU
		{01BC19FF-EB6E-496A-8DC5-EE6865EA2F2B}.Debug|Any CPU.Build.0 = Debug|Any CPU
		{01BC19FF-EB6E-496A-8DC5-EE6865EA2F2B}.Release|Any CPU.ActiveCfg = Release|Any CPU
		{01BC19FF-EB6E-496A-8DC5-EE6865EA2F2B}.Release|Any CPU.Build.0 = Release|Any CPU
	EndGlobalSection
	GlobalSection(SolutionProperties) = preSolution
		HideSolutionNode = FALSE
	EndGlobalSection
	GlobalSection(ExtensibilityGlobals) = postSolution
		SolutionGuid = {6A3E5674-D547-4B6B-AC7F-4C076C1B8F6E}
	EndGlobalSection
EndGlobal
