
Microsoft Visual Studio Solution File, Format Version 12.00
# Visual Studio Version 16
VisualStudioVersion = 16.0.29403.142
MinimumVisualStudioVersion = 10.0.40219.1
Project("{FAE04EC0-301F-11D3-BF4B-00C04F79EFBC}") = "Izh04BasicCoding", "Izh04BasicCoding\Izh04BasicCoding.csproj", "{97ECD6B7-B9E4-4EAF-81B0-86FB9589ACBF}"
EndProject
Project("{FAE04EC0-301F-11D3-BF4B-00C04F79EFBC}") = "Izh05CreatingTypes", "Izh05CreatingTypes\Izh05CreatingTypes.csproj", "{2E3B3F72-21DF-436A-A819-036B31B9728C}"
EndProject
Project("{FAE04EC0-301F-11D3-BF4B-00C04F79EFBC}") = "Izh06MethodsInDetails", "Izh06MethodsInDetails\Izh06MethodsInDetails.csproj", "{9A715F22-ED41-4FAE-A144-74D61AB193B3}"
EndProject
Global
	GlobalSection(SolutionConfigurationPlatforms) = preSolution
		Debug|Any CPU = Debug|Any CPU
		Release|Any CPU = Release|Any CPU
	EndGlobalSection
	GlobalSection(ProjectConfigurationPlatforms) = postSolution
		{97ECD6B7-B9E4-4EAF-81B0-86FB9589ACBF}.Debug|Any CPU.ActiveCfg = Debug|Any CPU
		{97ECD6B7-B9E4-4EAF-81B0-86FB9589ACBF}.Debug|Any CPU.Build.0 = Debug|Any CPU
		{97ECD6B7-B9E4-4EAF-81B0-86FB9589ACBF}.Release|Any CPU.ActiveCfg = Release|Any CPU
		{97ECD6B7-B9E4-4EAF-81B0-86FB9589ACBF}.Release|Any CPU.Build.0 = Release|Any CPU
		{2E3B3F72-21DF-436A-A819-036B31B9728C}.Debug|Any CPU.ActiveCfg = Debug|Any CPU
		{2E3B3F72-21DF-436A-A819-036B31B9728C}.Debug|Any CPU.Build.0 = Debug|Any CPU
		{2E3B3F72-21DF-436A-A819-036B31B9728C}.Release|Any CPU.ActiveCfg = Release|Any CPU
		{2E3B3F72-21DF-436A-A819-036B31B9728C}.Release|Any CPU.Build.0 = Release|Any CPU
		{9A715F22-ED41-4FAE-A144-74D61AB193B3}.Debug|Any CPU.ActiveCfg = Debug|Any CPU
		{9A715F22-ED41-4FAE-A144-74D61AB193B3}.Debug|Any CPU.Build.0 = Debug|Any CPU
		{9A715F22-ED41-4FAE-A144-74D61AB193B3}.Release|Any CPU.ActiveCfg = Release|Any CPU
		{9A715F22-ED41-4FAE-A144-74D61AB193B3}.Release|Any CPU.Build.0 = Release|Any CPU
	EndGlobalSection
	GlobalSection(SolutionProperties) = preSolution
		HideSolutionNode = FALSE
	EndGlobalSection
	GlobalSection(ExtensibilityGlobals) = postSolution
		SolutionGuid = {70BA6A20-008B-424A-94A7-86F97D6BC52D}
	EndGlobalSection
EndGlobal
